
Microsoft Visual Studio Solution File, Format Version 12.00
# Visual Studio Version 16
VisualStudioVersion = 16.0.29519.181
MinimumVisualStudioVersion = 10.0.40219.1
Project("{FAE04EC0-301F-11D3-BF4B-00C04F79EFBC}") = "apfire", "apfire\apfire.csproj", "{7BD5DA35-8AD4-4146-AECE-3338825BDD3A}"
EndProject
Global
	GlobalSection(SolutionConfigurationPlatforms) = preSolution
		Debug|Any CPU = Debug|Any CPU
		Release|Any CPU = Release|Any CPU
	EndGlobalSection
	GlobalSection(ProjectConfigurationPlatforms) = postSolution
		{7BD5DA35-8AD4-4146-AECE-3338825BDD3A}.Debug|Any CPU.ActiveCfg = Debug|Any CPU
		{7BD5DA35-8AD4-4146-AECE-3338825BDD3A}.Debug|Any CPU.Build.0 = Debug|Any CPU
		{7BD5DA35-8AD4-4146-AECE-3338825BDD3A}.Release|Any CPU.ActiveCfg = Release|Any CPU
		{7BD5DA35-8AD4-4146-AECE-3338825BDD3A}.Release|Any CPU.Build.0 = Release|Any CPU
	EndGlobalSection
	GlobalSection(SolutionProperties) = preSolution
		HideSolutionNode = FALSE
	EndGlobalSection
	GlobalSection(ExtensibilityGlobals) = postSolution
		SolutionGuid = {C37BB9BE-7C7A-4345-92A2-2EB7A149A85B}
	EndGlobalSection
EndGlobal
